
Microsoft Visual Studio Solution File, Format Version 12.00
# Visual Studio Version 17
VisualStudioVersion = 17.3.32929.385
MinimumVisualStudioVersion = 10.0.40219.1
Project("{FAE04EC0-301F-11D3-BF4B-00C04F79EFBC}") = "WindowsEF", "WindowsEF\WindowsEF.csproj", "{4218FAF9-1A5F-4A4D-85FC-BD5A8DFEBE36}"
EndProject
Project("{FAE04EC0-301F-11D3-BF4B-00C04F79EFBC}") = "WindowsEFEscuela", "WindowsEFEscuela\WindowsEFEscuela.csproj", "{F5BF442E-9CDF-479C-9468-93E1FE5AFDE6}"
EndProject
Project("{FAE04EC0-301F-11D3-BF4B-00C04F79EFBC}") = "WindowsAppNorthwind", "WindowsAppNorthwind\WindowsAppNorthwind.csproj", "{236EED15-CAC7-457E-85FC-8B4E4D974D0E}"
EndProject
Project("{FAE04EC0-301F-11D3-BF4B-00C04F79EFBC}") = "WindowsAppPubs", "WindowsPubs\WindowsAppPubs.csproj", "{9BA607C1-2501-44FE-B129-16E86D4A6336}"
EndProject
Global
	GlobalSection(SolutionConfigurationPlatforms) = preSolution
		Debug|Any CPU = Debug|Any CPU
		Release|Any CPU = Release|Any CPU
	EndGlobalSection
	GlobalSection(ProjectConfigurationPlatforms) = postSolution
		{4218FAF9-1A5F-4A4D-85FC-BD5A8DFEBE36}.Debug|Any CPU.ActiveCfg = Debug|Any CPU
		{4218FAF9-1A5F-4A4D-85FC-BD5A8DFEBE36}.Debug|Any CPU.Build.0 = Debug|Any CPU
		{4218FAF9-1A5F-4A4D-85FC-BD5A8DFEBE36}.Release|Any CPU.ActiveCfg = Release|Any CPU
		{4218FAF9-1A5F-4A4D-85FC-BD5A8DFEBE36}.Release|Any CPU.Build.0 = Release|Any CPU
		{F5BF442E-9CDF-479C-9468-93E1FE5AFDE6}.Debug|Any CPU.ActiveCfg = Debug|Any CPU
		{F5BF442E-9CDF-479C-9468-93E1FE5AFDE6}.Debug|Any CPU.Build.0 = Debug|Any CPU
		{F5BF442E-9CDF-479C-9468-93E1FE5AFDE6}.Release|Any CPU.ActiveCfg = Release|Any CPU
		{F5BF442E-9CDF-479C-9468-93E1FE5AFDE6}.Release|Any CPU.Build.0 = Release|Any CPU
		{236EED15-CAC7-457E-85FC-8B4E4D974D0E}.Debug|Any CPU.ActiveCfg = Debug|Any CPU
		{236EED15-CAC7-457E-85FC-8B4E4D974D0E}.Debug|Any CPU.Build.0 = Debug|Any CPU
		{236EED15-CAC7-457E-85FC-8B4E4D974D0E}.Release|Any CPU.ActiveCfg = Release|Any CPU
		{236EED15-CAC7-457E-85FC-8B4E4D974D0E}.Release|Any CPU.Build.0 = Release|Any CPU
		{9BA607C1-2501-44FE-B129-16E86D4A6336}.Debug|Any CPU.ActiveCfg = Debug|Any CPU
		{9BA607C1-2501-44FE-B129-16E86D4A6336}.Debug|Any CPU.Build.0 = Debug|Any CPU
		{9BA607C1-2501-44FE-B129-16E86D4A6336}.Release|Any CPU.ActiveCfg = Release|Any CPU
		{9BA607C1-2501-44FE-B129-16E86D4A6336}.Release|Any CPU.Build.0 = Release|Any CPU
	EndGlobalSection
	GlobalSection(SolutionProperties) = preSolution
		HideSolutionNode = FALSE
	EndGlobalSection
	GlobalSection(ExtensibilityGlobals) = postSolution
		SolutionGuid = {CCE7A52D-D2E3-4655-9D55-6BF132F15FD0}
	EndGlobalSection
EndGlobal
